
Microsoft Visual Studio Solution File, Format Version 12.00
# Visual Studio Version 17
VisualStudioVersion = 17.5.33627.172
MinimumVisualStudioVersion = 10.0.40219.1
Project("{FAE04EC0-301F-11D3-BF4B-00C04F79EFBC}") = "WebServiceBackend", "WebServiceBackend\WebServiceBackend.csproj", "{887BE262-5937-4E0F-887D-8BDC579989EC}"
EndProject
Global
	GlobalSection(SolutionConfigurationPlatforms) = preSolution
		Debug|Any CPU = Debug|Any CPU
		Release|Any CPU = Release|Any CPU
	EndGlobalSection
	GlobalSection(ProjectConfigurationPlatforms) = postSolution
		{887BE262-5937-4E0F-887D-8BDC579989EC}.Debug|Any CPU.ActiveCfg = Debug|Any CPU
		{887BE262-5937-4E0F-887D-8BDC579989EC}.Debug|Any CPU.Build.0 = Debug|Any CPU
		{887BE262-5937-4E0F-887D-8BDC579989EC}.Release|Any CPU.ActiveCfg = Release|Any CPU
		{887BE262-5937-4E0F-887D-8BDC579989EC}.Release|Any CPU.Build.0 = Release|Any CPU
	EndGlobalSection
	GlobalSection(SolutionProperties) = preSolution
		HideSolutionNode = FALSE
	EndGlobalSection
	GlobalSection(ExtensibilityGlobals) = postSolution
		SolutionGuid = {623D2F75-0562-4488-87BA-271138372378}
	EndGlobalSection
EndGlobal
